version: 2.0
shards:
  db:
    git: https://github.com/crystal-lang/crystal-db.git
    version: 0.14.0

  kubernetes:
    git: https://github.com/matchlighter/crystal-kubernetes.git
    version: 0.1.0+git.commit.2d1b1b4159afae95ec2bfc944c8a711878eeba8f

  netmask:
    git: https://github.com/plambert/netmask.cr.git
    version: 1.0.0+git.commit.2e617dc521d21bd12b01f4c23f8b3173b48cac20

